github.com/docker/docker v1.13.1 h1:IkZjBSIc8hBjLpqeAbeE5mca5mNgeatLHBy3GO78BWo=
github.com/docker/docker v1.13.1/go.mod h1:eEKB0N0r5NX/I1kEveEz05bcu8tLC/8azJZsviup8Sk=
github.com/google/go-cmp v0.3.1 h1:Xye71clBPdm5HgqGwUkwhbynsUJZhDbS20FvLhQ2izg=
github.com/google/go-cmp v0.3.1/go.mod h1:8QqcDgzrUqlUb/G2PQTWiueGozuR1884gddMywk6iLU=
github.com/openfaas-incubator/connector-sdk v0.0.0-20191019094425-193b73292e32 h1:euu/YR009hvhDXYs5LZKzQcmYuhlv+5UmHY5bLsTqrg=
github.com/openfaas-incubator/connector-sdk v0.0.0-20191019094425-193b73292e32/go.mod h1:jHCtd1HCZwhuwdPy4OB8CQU7ZqzxBdWNhIhH/khCJqQ=
github.com/openfaas/faas-provider v0.0.0-20191030180248-7677057e416b h1:Ih33bOW2qAMmWkpypZ8JnQ/7blt1VdXkfHPVN4tILQk=
github.com/openfaas/faas-provider v0.0.0-20191030180248-7677057e416b/go.mod h1:W4OIp33RUOpR7wW+omJB/7GhIydRmYXvKf/VqUKI4yM=
github.com/pkg/errors v0.8.1 h1:iURUrRGxPUNPdy5/HRSm+Yj6okJ6UtLINN0Q9M4+h3I=
github.com/pkg/errors v0.8.1/go.mod h1:bwawxfHBFNV+L2hUp1rHADufV3IMtnDRdf1r5NINEl0=
github.com/streadway/amqp v0.0.0-20190827072141-edfb9018d271 h1:WhxRHzgeVGETMlmVfqhRn8RIeeNoPr2Czh33I4Zdccw=
github.com/streadway/amqp v0.0.0-20190827072141-edfb9018d271/go.mod h1:AZpEONHx3DKn8O/DFsRAY58/XVQiIPMTMB1SddzLXVw=
gotest.tools v2.2.0+incompatible h1:VsBPFP1AI068pPrMxtb/S8Zkgf9xEmTLJjfM+P5UIEo=
gotest.tools v2.2.0+incompatible/go.mod h1:DsYFclhRJ6vuDpmuTbkuFWG+y2sxOXAzmJt81HFBacw=
