# This file is autogenerated, do not edit; changes may be undone by the next 'dep ensure'.


[[projects]]
  name = "github.com/openfaas/faas"
  packages = ["gateway/requests"]
  revision = "de2c74fcdb88675f9e1e46e307d8a9852eca262d"
  version = "0.7.8"

[[projects]]
  branch = "master"
  name = "github.com/streadway/amqp"
  packages = ["."]
  revision = "8e4aba63da9fc5571e01c6a45dc809a58cbc5a68"

[solve-meta]
  analyzer-name = "dep"
  analyzer-version = 1
  inputs-digest = "af1e9c5d073c8b7ff8562988bfac74f3a43453dd5b0f2c2018d42aad065e0b6b"
  solver-name = "gps-cdcl"
  solver-version = 1
