# This file is autogenerated, do not edit; changes may be undone by the next 'dep ensure'.


[[projects]]
  digest = "1:2a7750103f5ea9a84634dbb554672ce8b11c762281ec1318038cbec14a470241"
  name = "github.com/openfaas-incubator/connector-sdk"
  packages = ["types"]
  pruneopts = "UT"
  revision = "bb7e84c27a54ab641317d26961300ed92aea739e"
  version = "0.1.0"

[[projects]]
  digest = "1:4d6a80b49c67009aa822c9a9788d87a892be52809db9b7d4fb653ab5066f9b05"
  name = "github.com/openfaas/faas"
  packages = ["gateway/requests"]
  pruneopts = "UT"
  revision = "78a4584019a2a5d86b606a00b4fba979930cc2a7"
  version = "0.9.11"

[[projects]]
  digest = "1:deb76da5396c9f641ddea9ca79e31a14bdb09c787cdfda90488768b7539b1fd6"
  name = "github.com/openfaas/faas-provider"
  packages = ["auth"]
  pruneopts = "UT"
  revision = "8b3147b013c651d5f017b31fa1225ae21e1dc93d"
  version = "0.8.0"

[[projects]]
  branch = "master"
  digest = "1:68284c262f45718a220f7e817c2125a0f20eb3924be5074fa187ff7bc600c47e"
  name = "github.com/streadway/amqp"
  packages = ["."]
  pruneopts = "UT"
  revision = "27835f1a64e97101d95306211f03c0620ffa295d"

[solve-meta]
  analyzer-name = "dep"
  analyzer-version = 1
  input-imports = [
    "github.com/openfaas-incubator/connector-sdk/types",
    "github.com/openfaas/faas-provider/auth",
    "github.com/streadway/amqp",
  ]
  solver-name = "gps-cdcl"
  solver-version = 1
